
Microsoft Visual Studio Solution File, Format Version 12.00
# Visual Studio Version 16
VisualStudioVersion = 16.0.28407.52
MinimumVisualStudioVersion = 10.0.40219.1
Project("{FAE04EC0-301F-11D3-BF4B-00C04F79EFBC}") = "W.Dict", "W.Dict.csproj", "{DAD75D95-A0AA-4EFB-86FB-917ABE1FC97E}"
EndProject
Project("{FAE04EC0-301F-11D3-BF4B-00C04F79EFBC}") = "W.YoudaoSDK", "..\W.YoudaoSDK\W.YoudaoSDK.csproj", "{E07B265F-916C-43C8-94AB-224D327E95BA}"
EndProject
Project("{FAE04EC0-301F-11D3-BF4B-00C04F79EFBC}") = "W.TXSDK", "..\W.TXSDK\W.TXSDK.csproj", "{0B743F93-64B3-453B-AE75-E936D6A71176}"
EndProject
Project("{FAE04EC0-301F-11D3-BF4B-00C04F79EFBC}") = "W.Common", "W.Common\W.Common.csproj", "{07C5F87F-2AEC-4836-9200-F505313121E3}"
EndProject
Global
	GlobalSection(SolutionConfigurationPlatforms) = preSolution
		Debug|Any CPU = Debug|Any CPU
		Release|Any CPU = Release|Any CPU
	EndGlobalSection
	GlobalSection(ProjectConfigurationPlatforms) = postSolution
		{DAD75D95-A0AA-4EFB-86FB-917ABE1FC97E}.Debug|Any CPU.ActiveCfg = Debug|Any CPU
		{DAD75D95-A0AA-4EFB-86FB-917ABE1FC97E}.Debug|Any CPU.Build.0 = Debug|Any CPU
		{DAD75D95-A0AA-4EFB-86FB-917ABE1FC97E}.Release|Any CPU.ActiveCfg = Release|Any CPU
		{DAD75D95-A0AA-4EFB-86FB-917ABE1FC97E}.Release|Any CPU.Build.0 = Release|Any CPU
		{E07B265F-916C-43C8-94AB-224D327E95BA}.Debug|Any CPU.ActiveCfg = Debug|Any CPU
		{E07B265F-916C-43C8-94AB-224D327E95BA}.Debug|Any CPU.Build.0 = Debug|Any CPU
		{E07B265F-916C-43C8-94AB-224D327E95BA}.Release|Any CPU.ActiveCfg = Release|Any CPU
		{E07B265F-916C-43C8-94AB-224D327E95BA}.Release|Any CPU.Build.0 = Release|Any CPU
		{0B743F93-64B3-453B-AE75-E936D6A71176}.Debug|Any CPU.ActiveCfg = Debug|Any CPU
		{0B743F93-64B3-453B-AE75-E936D6A71176}.Debug|Any CPU.Build.0 = Debug|Any CPU
		{0B743F93-64B3-453B-AE75-E936D6A71176}.Release|Any CPU.ActiveCfg = Release|Any CPU
		{0B743F93-64B3-453B-AE75-E936D6A71176}.Release|Any CPU.Build.0 = Release|Any CPU
		{07C5F87F-2AEC-4836-9200-F505313121E3}.Debug|Any CPU.ActiveCfg = Debug|Any CPU
		{07C5F87F-2AEC-4836-9200-F505313121E3}.Debug|Any CPU.Build.0 = Debug|Any CPU
		{07C5F87F-2AEC-4836-9200-F505313121E3}.Release|Any CPU.ActiveCfg = Release|Any CPU
		{07C5F87F-2AEC-4836-9200-F505313121E3}.Release|Any CPU.Build.0 = Release|Any CPU
	EndGlobalSection
	GlobalSection(SolutionProperties) = preSolution
		HideSolutionNode = FALSE
	EndGlobalSection
	GlobalSection(ExtensibilityGlobals) = postSolution
		SolutionGuid = {064188CC-40B6-42C4-864C-F76111800D9D}
	EndGlobalSection
EndGlobal
